{
  "version": "5",
  "specifiers": {
    "jsr:@std/collections@^1.1.3": "1.3.0",
    "jsr:@std/internal@^1.0.14": "1.0.14",
    "jsr:@std/path@1.1.6": "1.1.6",
    "jsr:@std/toml@1.0.11": "1.0.11",
    "jsr:@std/yaml@1.1.2": "1.1.2",
    "jsr:@steno/steno@*": "0.6.0",
    "jsr:@steno/steno@0.6.0": "0.6.0",
    "npm:marked@latest": "18.0.6"
  },
  "jsr": {
    "@std/collections@1.3.0": {
      "integrity": "eb36b43d784477ea0b476483ac034a14bdd182aff921c812ecf662a1fcef9498"
    },
    "@std/internal@1.0.14": {
      "integrity": "291516b3d4c35024d6ffbc0a9df5bf4c64116e05b50012cf846710152d2ffdf7"
    },
    "@std/path@1.1.6": {
      "integrity": "c68485c2a4dfbb5ae3cc74fae4e8c4e5d874cf8a8ed12927917235c758b46cbe",
      "dependencies": [
        "jsr:@std/internal"
      ]
    },
    "@std/toml@1.0.11": {
      "integrity": "e084988b872ca4bad6aedfb7350f6eeed0e8ba88e9ee5e1590621c5b5bb8f715",
      "dependencies": [
        "jsr:@std/collections"
      ]
    },
    "@std/yaml@1.1.2": {
      "integrity": "de612653c036749ba2044165e316f52412b0f0698afffb7ee80b5331d6d2abae"
    },
    "@steno/steno@0.6.0": {
      "integrity": "bcdb5a37e19f87b08514a70ae61a945a6521bce1d9ba9544c0e2684ee1ff9410",
      "dependencies": [
        "jsr:@std/path",
        "jsr:@std/toml",
        "jsr:@std/yaml",
        "npm:marked"
      ]
    }
  },
  "npm": {
    "marked@18.0.6": {
      "integrity": "sha512-MrV5puXBfuiy6wl6DLaq3BtIJQAJToAd5zt/ZKhRfGRAuFPALE7/4Y7jnxRQoEgK/pBgurGqLyAuRgZ2xOjr6w==",
      "bin": true
    }
  },
  "workspace": {
    "dependencies": [
      "jsr:@steno/steno@*",
      "jsr:@steno/steno@0.6.0"
    ]
  }
}
